Microsoft Visual Studio Solution File, Format Version 12.00
# Visual Studio 15
Project("{2150E333-8FDC-42A3-9474-1A3956D46DE8}") = "cmake", "cmake", "{CBAA12D4-9648-3D49-888C-B8D90BB1481D}"
EndProject
Project("{2150E333-8FDC-42A3-9474-1A3956D46DE8}") = "files", "files", "{1E751BB2-A404-3B57-9DAF-AD19A0ABE798}"
EndProject
Project("{2150E333-8FDC-42A3-9474-1A3956D46DE8}") = "libs", "libs", "{619E20B1-CC63-396F-8CE9-1DE389A5A023}"
EndProject
Project("{2150E333-8FDC-42A3-9474-1A3956D46DE8}") = "tools", "tools", "{AAD5895B-F1F8-3EAC-8B72-78E213AA77F7}"
EndProject
Project("{8BC9CEB8-8B4A-11D0-8D11-00A0C91BC942}") = "ALL_BUILD", "build/ALL_BUILD.vcxproj", "{ADA4C77E-7AA0-3456-B246-69DCBB31817F}"
	ProjectSection(ProjectDependencies) = postProject
		{A0977A06-B575-33C3-B0DA-AEAC47099293} = {A0977A06-B575-33C3-B0DA-AEAC47099293}
		{AD4C6739-48FF-33C0-8964-B443CD38043B} = {AD4C6739-48FF-33C0-8964-B443CD38043B}
		{E16F57B7-39AD-35FA-AE32-5BD0C40517B7} = {E16F57B7-39AD-35FA-AE32-5BD0C40517B7}
		{810AB046-3090-312F-93E7-1F116F1DBE5A} = {810AB046-3090-312F-93E7-1F116F1DBE5A}
		{30FD8580-C5B3-3089-9078-01737F75C8D0} = {30FD8580-C5B3-3089-9078-01737F75C8D0}
	EndProjectSection
EndProject
Project("{8BC9CEB8-8B4A-11D0-8D11-00A0C91BC942}") = "StreamClient", "build/StreamClient.vcxproj", "{A0977A06-B575-33C3-B0DA-AEAC47099293}"
	ProjectSection(ProjectDependencies) = postProject
		{AD4C6739-48FF-33C0-8964-B443CD38043B} = {AD4C6739-48FF-33C0-8964-B443CD38043B}
		{810AB046-3090-312F-93E7-1F116F1DBE5A} = {810AB046-3090-312F-93E7-1F116F1DBE5A}
	EndProjectSection
EndProject
Project("{8BC9CEB8-8B4A-11D0-8D11-00A0C91BC942}") = "StreamSSL-Utilities", "build/StreamSSL-Utilities.vcxproj", "{AD4C6739-48FF-33C0-8964-B443CD38043B}"
	ProjectSection(ProjectDependencies) = postProject
		{810AB046-3090-312F-93E7-1F116F1DBE5A} = {810AB046-3090-312F-93E7-1F116F1DBE5A}
	EndProjectSection
EndProject
Project("{8BC9CEB8-8B4A-11D0-8D11-00A0C91BC942}") = "StreamServer", "build/StreamServer.vcxproj", "{E16F57B7-39AD-35FA-AE32-5BD0C40517B7}"
	ProjectSection(ProjectDependencies) = postProject
		{AD4C6739-48FF-33C0-8964-B443CD38043B} = {AD4C6739-48FF-33C0-8964-B443CD38043B}
		{810AB046-3090-312F-93E7-1F116F1DBE5A} = {810AB046-3090-312F-93E7-1F116F1DBE5A}
	EndProjectSection
EndProject
Project("{8BC9CEB8-8B4A-11D0-8D11-00A0C91BC942}") = "ZERO_CHECK", "build/ZERO_CHECK.vcxproj", "{810AB046-3090-312F-93E7-1F116F1DBE5A}"
	ProjectSection(ProjectDependencies) = postProject
	EndProjectSection
EndProject
Project("{8BC9CEB8-8B4A-11D0-8D11-00A0C91BC942}") = "about", "build/about.vcxproj", "{30FD8580-C5B3-3089-9078-01737F75C8D0}"
	ProjectSection(ProjectDependencies) = postProject
		{810AB046-3090-312F-93E7-1F116F1DBE5A} = {810AB046-3090-312F-93E7-1F116F1DBE5A}
	EndProjectSection
EndProject
Global
	GlobalSection(SolutionConfigurationPlatforms) = preSolution
		Debug|x64 = Debug|x64
		Release|x64 = Release|x64
	EndGlobalSection
	GlobalSection(ProjectConfigurationPlatforms) = postSolution
		{ADA4C77E-7AA0-3456-B246-69DCBB31817F}.Debug|x64.ActiveCfg = Debug|x64
		{ADA4C77E-7AA0-3456-B246-69DCBB31817F}.Release|x64.ActiveCfg = Release|x64
		{A0977A06-B575-33C3-B0DA-AEAC47099293}.Debug|x64.ActiveCfg = Debug|x64
		{A0977A06-B575-33C3-B0DA-AEAC47099293}.Debug|x64.Build.0 = Debug|x64
		{A0977A06-B575-33C3-B0DA-AEAC47099293}.Release|x64.ActiveCfg = Release|x64
		{A0977A06-B575-33C3-B0DA-AEAC47099293}.Release|x64.Build.0 = Release|x64
		{AD4C6739-48FF-33C0-8964-B443CD38043B}.Debug|x64.ActiveCfg = Debug|x64
		{AD4C6739-48FF-33C0-8964-B443CD38043B}.Debug|x64.Build.0 = Debug|x64
		{AD4C6739-48FF-33C0-8964-B443CD38043B}.Release|x64.ActiveCfg = Release|x64
		{AD4C6739-48FF-33C0-8964-B443CD38043B}.Release|x64.Build.0 = Release|x64
		{E16F57B7-39AD-35FA-AE32-5BD0C40517B7}.Debug|x64.ActiveCfg = Debug|x64
		{E16F57B7-39AD-35FA-AE32-5BD0C40517B7}.Debug|x64.Build.0 = Debug|x64
		{E16F57B7-39AD-35FA-AE32-5BD0C40517B7}.Release|x64.ActiveCfg = Release|x64
		{E16F57B7-39AD-35FA-AE32-5BD0C40517B7}.Release|x64.Build.0 = Release|x64
		{810AB046-3090-312F-93E7-1F116F1DBE5A}.Debug|x64.ActiveCfg = Debug|x64
		{810AB046-3090-312F-93E7-1F116F1DBE5A}.Debug|x64.Build.0 = Debug|x64
		{810AB046-3090-312F-93E7-1F116F1DBE5A}.Release|x64.ActiveCfg = Release|x64
		{810AB046-3090-312F-93E7-1F116F1DBE5A}.Release|x64.Build.0 = Release|x64
		{30FD8580-C5B3-3089-9078-01737F75C8D0}.Debug|x64.ActiveCfg = Debug|x64
		{30FD8580-C5B3-3089-9078-01737F75C8D0}.Debug|x64.Build.0 = Debug|x64
		{30FD8580-C5B3-3089-9078-01737F75C8D0}.Release|x64.ActiveCfg = Release|x64
		{30FD8580-C5B3-3089-9078-01737F75C8D0}.Release|x64.Build.0 = Release|x64
	EndGlobalSection
	GlobalSection(NestedProjects) = preSolution
		{ADA4C77E-7AA0-3456-B246-69DCBB31817F} = {CBAA12D4-9648-3D49-888C-B8D90BB1481D}
		{810AB046-3090-312F-93E7-1F116F1DBE5A} = {CBAA12D4-9648-3D49-888C-B8D90BB1481D}
		{30FD8580-C5B3-3089-9078-01737F75C8D0} = {1E751BB2-A404-3B57-9DAF-AD19A0ABE798}
		{AD4C6739-48FF-33C0-8964-B443CD38043B} = {619E20B1-CC63-396F-8CE9-1DE389A5A023}
		{A0977A06-B575-33C3-B0DA-AEAC47099293} = {AAD5895B-F1F8-3EAC-8B72-78E213AA77F7}
		{E16F57B7-39AD-35FA-AE32-5BD0C40517B7} = {AAD5895B-F1F8-3EAC-8B72-78E213AA77F7}
	EndGlobalSection
	GlobalSection(ExtensibilityGlobals) = postSolution
	EndGlobalSection
	GlobalSection(ExtensibilityAddIns) = postSolution
	EndGlobalSection
EndGlobal
